// !$*UTF8*$!
{
	archiveVersion = 1;
	classes = {
	};
	objectVersion = 46;
	objects = {

/* Begin PBXBuildFile section */
		EE0A2CBF1DD2118100F3EFEE /* StatisticsManager.swift in Sources */ = {isa = PBXBuildFile; fileRef = EE0A2CBE1DD2118100F3EFEE /* StatisticsManager.swift */; };
		EE5453481DCBBF8700021177 /* Training+CoreDataClass.swift in Sources */ = {isa = PBXBuildFile; fileRef = EE5453461DCBBF8700021177 /* Training+CoreDataClass.swift */; };
		EE5453491DCBBF8700021177 /* Training+CoreDataProperties.swift in Sources */ = {isa = PBXBuildFile; fileRef = EE5453471DCBBF8700021177 /* Training+CoreDataProperties.swift */; };
		EE5D637F1DD38DCC001E0E63 /* ListensForNotifications.swift in Sources */ = {isa = PBXBuildFile; fileRef = EE5D637E1DD38DCC001E0E63 /* ListensForNotifications.swift */; };
		EE5D9D8A1DCA532D00B87D5A /* AppDelegate.swift in Sources */ = {isa = PBXBuildFile; fileRef = EE5D9D891DCA532D00B87D5A /* AppDelegate.swift */; };
		EE5D9D9F1DCA548500B87D5A /* Assets.xcassets in Resources */ = {isa = PBXBuildFile; fileRef = EE5D9D9B1DCA548500B87D5A /* Assets.xcassets */; };
		EE5D9DA01DCA548500B87D5A /* LaunchScreen.storyboard in Resources */ = {isa = PBXBuildFile; fileRef = EE5D9D9C1DCA548500B87D5A /* LaunchScreen.storyboard */; };
		EE5D9DA11DCA548500B87D5A /* StrategyBooks.plist in Resources */ = {isa = PBXBuildFile; fileRef = EE5D9D9D1DCA548500B87D5A /* StrategyBooks.plist */; };
		EE5D9DA51DCA54AB00B87D5A /* Main.storyboard in Resources */ = {isa = PBXBuildFile; fileRef = EE5D9DA41DCA54AB00B87D5A /* Main.storyboard */; };
		EE5D9DC21DCA54B700B87D5A /* MyDojoViewController.swift in Sources */ = {isa = PBXBuildFile; fileRef = EE5D9DA61DCA54B700B87D5A /* MyDojoViewController.swift */; };
		EE5D9DC31DCA54B700B87D5A /* TechniquesTableViewController.swift in Sources */ = {isa = PBXBuildFile; fileRef = EE5D9DA71DCA54B700B87D5A /* TechniquesTableViewController.swift */; };
		EE5D9DC41DCA54B700B87D5A /* NewDojoViewController.swift in Sources */ = {isa = PBXBuildFile; fileRef = EE5D9DA81DCA54B700B87D5A /* NewDojoViewController.swift */; };
		EE5D9DC51DCA54B700B87D5A /* SelectedDojoViewController.swift in Sources */ = {isa = PBXBuildFile; fileRef = EE5D9DA91DCA54B700B87D5A /* SelectedDojoViewController.swift */; };
		EE5D9DC61DCA54B700B87D5A /* DojoSearchTableViewController.swift in Sources */ = {isa = PBXBuildFile; fileRef = EE5D9DAA1DCA54B700B87D5A /* DojoSearchTableViewController.swift */; };
		EE5D9DC71DCA54B700B87D5A /* TechniqueDetailViewController.swift in Sources */ = {isa = PBXBuildFile; fileRef = EE5D9DAB1DCA54B700B87D5A /* TechniqueDetailViewController.swift */; };
		EE5D9DC81DCA54B700B87D5A /* NewTrainingViewController.swift in Sources */ = {isa = PBXBuildFile; fileRef = EE5D9DAC1DCA54B700B87D5A /* NewTrainingViewController.swift */; };
		EE5D9DC91DCA54B700B87D5A /* StepCollectionViewCell.swift in Sources */ = {isa = PBXBuildFile; fileRef = EE5D9DAD1DCA54B700B87D5A /* StepCollectionViewCell.swift */; };
		EE5D9DCA1DCA54B700B87D5A /* LargeTileCollectionViewCell.swift in Sources */ = {isa = PBXBuildFile; fileRef = EE5D9DAE1DCA54B700B87D5A /* LargeTileCollectionViewCell.swift */; };
		EE5D9DCB1DCA54B700B87D5A /* SmallTileCollectionViewCell.swift in Sources */ = {isa = PBXBuildFile; fileRef = EE5D9DAF1DCA54B700B87D5A /* SmallTileCollectionViewCell.swift */; };
		EE5D9DCC1DCA54B700B87D5A /* Menu+CoreDataClass.swift in Sources */ = {isa = PBXBuildFile; fileRef = EE5D9DB01DCA54B700B87D5A /* Menu+CoreDataClass.swift */; };
		EE5D9DCD1DCA54B700B87D5A /* Menu+CoreDataProperties.swift in Sources */ = {isa = PBXBuildFile; fileRef = EE5D9DB11DCA54B700B87D5A /* Menu+CoreDataProperties.swift */; };
		EE5D9DCE1DCA54B700B87D5A /* MenuItem+CoreDataClass.swift in Sources */ = {isa = PBXBuildFile; fileRef = EE5D9DB21DCA54B700B87D5A /* MenuItem+CoreDataClass.swift */; };
		EE5D9DCF1DCA54B700B87D5A /* MenuItem+CoreDataProperties.swift in Sources */ = {isa = PBXBuildFile; fileRef = EE5D9DB31DCA54B700B87D5A /* MenuItem+CoreDataProperties.swift */; };
		EE5D9DD01DCA54B700B87D5A /* Model.xcdatamodel in Sources */ = {isa = PBXBuildFile; fileRef = EE5D9DB41DCA54B700B87D5A /* Model.xcdatamodel */; };
		EE5D9DD11DCA54B700B87D5A /* Dojo+CoreDataClass.swift in Sources */ = {isa = PBXBuildFile; fileRef = EE5D9DB51DCA54B700B87D5A /* Dojo+CoreDataClass.swift */; };
		EE5D9DD21DCA54B700B87D5A /* Dojo+CoreDataProperties.swift in Sources */ = {isa = PBXBuildFile; fileRef = EE5D9DB61DCA54B700B87D5A /* Dojo+CoreDataProperties.swift */; };
		EE5D9DD31DCA54B700B87D5A /* Technique+CoreDataClass.swift in Sources */ = {isa = PBXBuildFile; fileRef = EE5D9DB71DCA54B700B87D5A /* Technique+CoreDataClass.swift */; };
		EE5D9DD41DCA54B700B87D5A /* Technique+CoreDataProperties.swift in Sources */ = {isa = PBXBuildFile; fileRef = EE5D9DB81DCA54B700B87D5A /* Technique+CoreDataProperties.swift */; };
		EE5D9DD51DCA54B700B87D5A /* StrategyBook+CoreDataClass.swift in Sources */ = {isa = PBXBuildFile; fileRef = EE5D9DB91DCA54B700B87D5A /* StrategyBook+CoreDataClass.swift */; };
		EE5D9DD61DCA54B700B87D5A /* StrategyBook+CoreDataProperties.swift in Sources */ = {isa = PBXBuildFile; fileRef = EE5D9DBA1DCA54B700B87D5A /* StrategyBook+CoreDataProperties.swift */; };
		EE5D9DD71DCA54B700B87D5A /* Chapter+CoreDataClass.swift in Sources */ = {isa = PBXBuildFile; fileRef = EE5D9DBB1DCA54B700B87D5A /* Chapter+CoreDataClass.swift */; };
		EE5D9DD81DCA54B700B87D5A /* Chapter+CoreDataProperties.swift in Sources */ = {isa = PBXBuildFile; fileRef = EE5D9DBC1DCA54B700B87D5A /* Chapter+CoreDataProperties.swift */; };
		EE5D9DD91DCA54B700B87D5A /* CoreDataTableViewController.swift in Sources */ = {isa = PBXBuildFile; fileRef = EE5D9DBD1DCA54B700B87D5A /* CoreDataTableViewController.swift */; };
		EE5D9DDA1DCA54B700B87D5A /* MenuItemDelegate.swift in Sources */ = {isa = PBXBuildFile; fileRef = EE5D9DBE1DCA54B700B87D5A /* MenuItemDelegate.swift */; };
		EE5D9DDB1DCA54B700B87D5A /* MenuItemCell.swift in Sources */ = {isa = PBXBuildFile; fileRef = EE5D9DBF1DCA54B700B87D5A /* MenuItemCell.swift */; };
		EE5D9DDC1DCA54B700B87D5A /* Constants.swift in Sources */ = {isa = PBXBuildFile; fileRef = EE5D9DC01DCA54B700B87D5A /* Constants.swift */; };
		EE5D9DDD1DCA54B700B87D5A /* DatabaseManager.swift in Sources */ = {isa = PBXBuildFile; fileRef = EE5D9DC11DCA54B700B87D5A /* DatabaseManager.swift */; };
		EE5D9DE41DCA595C00B87D5A /* NewTrainingTechniqueTableViewCell.swift in Sources */ = {isa = PBXBuildFile; fileRef = EE5D9DE31DCA595C00B87D5A /* NewTrainingTechniqueTableViewCell.swift */; };
		EE5D9DE61DCB69B800B87D5A /* DateTextField.swift in Sources */ = {isa = PBXBuildFile; fileRef = EE5D9DE51DCB69B800B87D5A /* DateTextField.swift */; };
		EEE5E3921DD3DC2200D433DF /* Statistics+CoreDataClass.swift in Sources */ = {isa = PBXBuildFile; fileRef = EEE5E3901DD3DC2200D433DF /* Statistics+CoreDataClass.swift */; };
		EEE5E3931DD3DC2200D433DF /* Statistics+CoreDataProperties.swift in Sources */ = {isa = PBXBuildFile; fileRef = EEE5E3911DD3DC2200D433DF /* Statistics+CoreDataProperties.swift */; };
		EEF18A051DD4D1E600835B9B /* CountingLabel.swift in Sources */ = {isa = PBXBuildFile; fileRef = EEF18A041DD4D1E600835B9B /* CountingLabel.swift */; };
/* End PBXBuildFile section */

/* Begin PBXFileReference section */
		EE0A2CBE1DD2118100F3EFEE /* StatisticsManager.swift */ = {isa = PBXFileReference; fileEncoding = 4; lastKnownFileType = sourcecode.swift; path = StatisticsManager.swift; sourceTree = "<group>"; };
		EE5453461DCBBF8700021177 /* Training+CoreDataClass.swift */ = {isa = PBXFileReference; fileEncoding = 4; lastKnownFileType = sourcecode.swift; path = "Training+CoreDataClass.swift"; sourceTree = "<group>"; };
		EE5453471DCBBF8700021177 /* Training+CoreDataProperties.swift */ = {isa = PBXFileReference; fileEncoding = 4; lastKnownFileType = sourcecode.swift; path = "Training+CoreDataProperties.swift"; sourceTree = "<group>"; };
		EE5D637E1DD38DCC001E0E63 /* ListensForNotifications.swift */ = {isa = PBXFileReference; fileEncoding = 4; lastKnownFileType = sourcecode.swift; path = ListensForNotifications.swift; sourceTree = "<group>"; };
		EE5D9D861DCA532D00B87D5A /* My Dojo.app */ = {isa = PBXFileReference; explicitFileType = wrapper.application; includeInIndex = 0; path = "My Dojo.app"; sourceTree = BUILT_PRODUCTS_DIR; };
		EE5D9D891DCA532D00B87D5A /* AppDelegate.swift */ = {isa = PBXFileReference; lastKnownFileType = sourcecode.swift; path = AppDelegate.swift; sourceTree = "<group>"; };
		EE5D9D9B1DCA548500B87D5A /* Assets.xcassets */ = {isa = PBXFileReference; lastKnownFileType = folder.assetcatalog; path = Assets.xcassets; sourceTree = "<group>"; };
		EE5D9D9C1DCA548500B87D5A /* LaunchScreen.storyboard */ = {isa = PBXFileReference; fileEncoding = 4; lastKnownFileType = file.storyboard; path = LaunchScreen.storyboard; sourceTree = "<group>"; };
		EE5D9D9D1DCA548500B87D5A /* StrategyBooks.plist */ = {isa = PBXFileReference; fileEncoding = 4; lastKnownFileType = text.plist.xml; path = StrategyBooks.plist; sourceTree = "<group>"; };
		EE5D9D9E1DCA548500B87D5A /* Info.plist */ = {isa = PBXFileReference; fileEncoding = 4; lastKnownFileType = text.plist.xml; path = Info.plist; sourceTree = "<group>"; };
		EE5D9DA41DCA54AB00B87D5A /* Main.storyboard */ = {isa = PBXFileReference; fileEncoding = 4; lastKnownFileType = file.storyboard; path = Main.storyboard; sourceTree = "<group>"; };
		EE5D9DA61DCA54B700B87D5A /* MyDojoViewController.swift */ = {isa = PBXFileReference; fileEncoding = 4; lastKnownFileType = sourcecode.swift; path = MyDojoViewController.swift; sourceTree = "<group>"; };
		EE5D9DA71DCA54B700B87D5A /* TechniquesTableViewController.swift */ = {isa = PBXFileReference; fileEncoding = 4; lastKnownFileType = sourcecode.swift; path = TechniquesTableViewController.swift; sourceTree = "<group>"; };
		EE5D9DA81DCA54B700B87D5A /* NewDojoViewController.swift */ = {isa = PBXFileReference; fileEncoding = 4; lastKnownFileType = sourcecode.swift; path = NewDojoViewController.swift; sourceTree = "<group>"; };
		EE5D9DA91DCA54B700B87D5A /* SelectedDojoViewController.swift */ = {isa = PBXFileReference; fileEncoding = 4; lastKnownFileType = sourcecode.swift; path = SelectedDojoViewController.swift; sourceTree = "<group>"; };
		EE5D9DAA1DCA54B700B87D5A /* DojoSearchTableViewController.swift */ = {isa = PBXFileReference; fileEncoding = 4; lastKnownFileType = sourcecode.swift; path = DojoSearchTableViewController.swift; sourceTree = "<group>"; };
		EE5D9DAB1DCA54B700B87D5A /* TechniqueDetailViewController.swift */ = {isa = PBXFileReference; fileEncoding = 4; lastKnownFileType = sourcecode.swift; path = TechniqueDetailViewController.swift; sourceTree = "<group>"; };
		EE5D9DAC1DCA54B700B87D5A /* NewTrainingViewController.swift */ = {isa = PBXFileReference; fileEncoding = 4; lastKnownFileType = sourcecode.swift; path = NewTrainingViewController.swift; sourceTree = "<group>"; };
		EE5D9DAD1DCA54B700B87D5A /* StepCollectionViewCell.swift */ = {isa = PBXFileReference; fileEncoding = 4; lastKnownFileType = sourcecode.swift; path = StepCollectionViewCell.swift; sourceTree = "<group>"; };
		EE5D9DAE1DCA54B700B87D5A /* LargeTileCollectionViewCell.swift */ = {isa = PBXFileReference; fileEncoding = 4; lastKnownFileType = sourcecode.swift; path = LargeTileCollectionViewCell.swift; sourceTree = "<group>"; };
		EE5D9DAF1DCA54B700B87D5A /* SmallTileCollectionViewCell.swift */ = {isa = PBXFileReference; fileEncoding = 4; lastKnownFileType = sourcecode.swift; path = SmallTileCollectionViewCell.swift; sourceTree = "<group>"; };
		EE5D9DB01DCA54B700B87D5A /* Menu+CoreDataClass.swift */ = {isa = PBXFileReference; fileEncoding = 4; lastKnownFileType = sourcecode.swift; path = "Menu+CoreDataClass.swift"; sourceTree = "<group>"; };
		EE5D9DB11DCA54B700B87D5A /* Menu+CoreDataProperties.swift */ = {isa = PBXFileReference; fileEncoding = 4; lastKnownFileType = sourcecode.swift; path = "Menu+CoreDataProperties.swift"; sourceTree = "<group>"; };
		EE5D9DB21DCA54B700B87D5A /* MenuItem+CoreDataClass.swift */ = {isa = PBXFileReference; fileEncoding = 4; lastKnownFileType = sourcecode.swift; path = "MenuItem+CoreDataClass.swift"; sourceTree = "<group>"; };
		EE5D9DB31DCA54B700B87D5A /* MenuItem+CoreDataProperties.swift */ = {isa = PBXFileReference; fileEncoding = 4; lastKnownFileType = sourcecode.swift; path = "MenuItem+CoreDataProperties.swift"; sourceTree = "<group>"; };
		EE5D9DB41DCA54B700B87D5A /* Model.xcdatamodel */ = {isa = PBXFileReference; lastKnownFileType = wrapper.xcdatamodel; path = Model.xcdatamodel; sourceTree = "<group>"; };
		EE5D9DB51DCA54B700B87D5A /* Dojo+CoreDataClass.swift */ = {isa = PBXFileReference; fileEncoding = 4; lastKnownFileType = sourcecode.swift; path = "Dojo+CoreDataClass.swift"; sourceTree = "<group>"; };
		EE5D9DB61DCA54B700B87D5A /* Dojo+CoreDataProperties.swift */ = {isa = PBXFileReference; fileEncoding = 4; lastKnownFileType = sourcecode.swift; path = "Dojo+CoreDataProperties.swift"; sourceTree = "<group>"; };
		EE5D9DB71DCA54B700B87D5A /* Technique+CoreDataClass.swift */ = {isa = PBXFileReference; fileEncoding = 4; lastKnownFileType = sourcecode.swift; path = "Technique+CoreDataClass.swift"; sourceTree = "<group>"; };
		EE5D9DB81DCA54B700B87D5A /* Technique+CoreDataProperties.swift */ = {isa = PBXFileReference; fileEncoding = 4; lastKnownFileType = sourcecode.swift; path = "Technique+CoreDataProperties.swift"; sourceTree = "<group>"; };
		EE5D9DB91DCA54B700B87D5A /* StrategyBook+CoreDataClass.swift */ = {isa = PBXFileReference; fileEncoding = 4; lastKnownFileType = sourcecode.swift; path = "StrategyBook+CoreDataClass.swift"; sourceTree = "<group>"; };
		EE5D9DBA1DCA54B700B87D5A /* StrategyBook+CoreDataProperties.swift */ = {isa = PBXFileReference; fileEncoding = 4; lastKnownFileType = sourcecode.swift; path = "StrategyBook+CoreDataProperties.swift"; sourceTree = "<group>"; };
		EE5D9DBB1DCA54B700B87D5A /* Chapter+CoreDataClass.swift */ = {isa = PBXFileReference; fileEncoding = 4; lastKnownFileType = sourcecode.swift; path = "Chapter+CoreDataClass.swift"; sourceTree = "<group>"; };
		EE5D9DBC1DCA54B700B87D5A /* Chapter+CoreDataProperties.swift */ = {isa = PBXFileReference; fileEncoding = 4; lastKnownFileType = sourcecode.swift; path = "Chapter+CoreDataProperties.swift"; sourceTree = "<group>"; };
		EE5D9DBD1DCA54B700B87D5A /* CoreDataTableViewController.swift */ = {isa = PBXFileReference; fileEncoding = 4; lastKnownFileType = sourcecode.swift; path = CoreDataTableViewController.swift; sourceTree = "<group>"; };
		EE5D9DBE1DCA54B700B87D5A /* MenuItemDelegate.swift */ = {isa = PBXFileReference; fileEncoding = 4; lastKnownFileType = sourcecode.swift; path = MenuItemDelegate.swift; sourceTree = "<group>"; };
		EE5D9DBF1DCA54B700B87D5A /* MenuItemCell.swift */ = {isa = PBXFileReference; fileEncoding = 4; lastKnownFileType = sourcecode.swift; path = MenuItemCell.swift; sourceTree = "<group>"; };
		EE5D9DC01DCA54B700B87D5A /* Constants.swift */ = {isa = PBXFileReference; fileEncoding = 4; lastKnownFileType = sourcecode.swift; path = Constants.swift; sourceTree = "<group>"; };
		EE5D9DC11DCA54B700B87D5A /* DatabaseManager.swift */ = {isa = PBXFileReference; fileEncoding = 4; lastKnownFileType = sourcecode.swift; path = DatabaseManager.swift; sourceTree = "<group>"; };
		EE5D9DE31DCA595C00B87D5A /* NewTrainingTechniqueTableViewCell.swift */ = {isa = PBXFileReference; fileEncoding = 4; lastKnownFileType = sourcecode.swift; path = NewTrainingTechniqueTableViewCell.swift; sourceTree = "<group>"; };
		EE5D9DE51DCB69B800B87D5A /* DateTextField.swift */ = {isa = PBXFileReference; fileEncoding = 4; lastKnownFileType = sourcecode.swift; path = DateTextField.swift; sourceTree = "<group>"; };
		EEE5E3901DD3DC2200D433DF /* Statistics+CoreDataClass.swift */ = {isa = PBXFileReference; fileEncoding = 4; lastKnownFileType = sourcecode.swift; path = "Statistics+CoreDataClass.swift"; sourceTree = "<group>"; };
		EEE5E3911DD3DC2200D433DF /* Statistics+CoreDataProperties.swift */ = {isa = PBXFileReference; fileEncoding = 4; lastKnownFileType = sourcecode.swift; path = "Statistics+CoreDataProperties.swift"; sourceTree = "<group>"; };
		EEF18A041DD4D1E600835B9B /* CountingLabel.swift */ = {isa = PBXFileReference; fileEncoding = 4; lastKnownFileType = sourcecode.swift; path = CountingLabel.swift; sourceTree = "<group>"; };
/* End PBXFileReference section */

/* Begin PBXFrameworksBuildPhase section */
		EE5D9D831DCA532D00B87D5A /* Frameworks */ = {
			isa = PBXFrameworksBuildPhase;
			buildActionMask = 2147483647;
			files = (
			);
			runOnlyForDeploymentPostprocessing = 0;
		};
/* End PBXFrameworksBuildPhase section */

/* Begin PBXGroup section */
		EE5D9D7D1DCA532D00B87D5A = {
			isa = PBXGroup;
			children = (
				EE5D9D881DCA532D00B87D5A /* My Dojo */,
				EE5D9D871DCA532D00B87D5A /* Products */,
			);
			sourceTree = "<group>";
		};
		EE5D9D871DCA532D00B87D5A /* Products */ = {
			isa = PBXGroup;
			children = (
				EE5D9D861DCA532D00B87D5A /* My Dojo.app */,
			);
			name = Products;
			sourceTree = "<group>";
		};
		EE5D9D881DCA532D00B87D5A /* My Dojo */ = {
			isa = PBXGroup;
			children = (
				EE5D9DE21DCA54F800B87D5A /* View Controllers */,
				EE5D9DE11DCA54EE00B87D5A /* Views */,
				EE5D9DE01DCA54DB00B87D5A /* Core Data */,
				EE5D9DDF1DCA54CC00B87D5A /* Protocols */,
				EE5D9DDE1DCA54C300B87D5A /* Utilities */,
				EE5D9DA41DCA54AB00B87D5A /* Main.storyboard */,
				EE5D9DA31DCA549100B87D5A /* Supporting files */,
			);
			path = "My Dojo";
			sourceTree = "<group>";
		};
		EE5D9DA31DCA549100B87D5A /* Supporting files */ = {
			isa = PBXGroup;
			children = (
				EE5D9D891DCA532D00B87D5A /* AppDelegate.swift */,
				EE5D9D9B1DCA548500B87D5A /* Assets.xcassets */,
				EE5D9D9C1DCA548500B87D5A /* LaunchScreen.storyboard */,
				EE5D9D9D1DCA548500B87D5A /* StrategyBooks.plist */,
				EE5D9D9E1DCA548500B87D5A /* Info.plist */,
			);
			name = "Supporting files";
			sourceTree = "<group>";
		};
		EE5D9DDE1DCA54C300B87D5A /* Utilities */ = {
			isa = PBXGroup;
			children = (
				EE5D9DC01DCA54B700B87D5A /* Constants.swift */,
				EE5D9DC11DCA54B700B87D5A /* DatabaseManager.swift */,
				EE5D9DE51DCB69B800B87D5A /* DateTextField.swift */,
				EE0A2CBE1DD2118100F3EFEE /* StatisticsManager.swift */,
				EEF18A041DD4D1E600835B9B /* CountingLabel.swift */,
			);
			name = Utilities;
			sourceTree = "<group>";
		};
		EE5D9DDF1DCA54CC00B87D5A /* Protocols */ = {
			isa = PBXGroup;
			children = (
				EE5D9DBE1DCA54B700B87D5A /* MenuItemDelegate.swift */,
				EE5D9DBF1DCA54B700B87D5A /* MenuItemCell.swift */,
				EE5D637E1DD38DCC001E0E63 /* ListensForNotifications.swift */,
			);
			name = Protocols;
			sourceTree = "<group>";
		};
		EE5D9DE01DCA54DB00B87D5A /* Core Data */ = {
			isa = PBXGroup;
			children = (
				EEE5E3901DD3DC2200D433DF /* Statistics+CoreDataClass.swift */,
				EEE5E3911DD3DC2200D433DF /* Statistics+CoreDataProperties.swift */,
				EE5453461DCBBF8700021177 /* Training+CoreDataClass.swift */,
				EE5453471DCBBF8700021177 /* Training+CoreDataProperties.swift */,
				EE5D9DB01DCA54B700B87D5A /* Menu+CoreDataClass.swift */,
				EE5D9DB11DCA54B700B87D5A /* Menu+CoreDataProperties.swift */,
				EE5D9DB21DCA54B700B87D5A /* MenuItem+CoreDataClass.swift */,
				EE5D9DB31DCA54B700B87D5A /* MenuItem+CoreDataProperties.swift */,
				EE5D9DB41DCA54B700B87D5A /* Model.xcdatamodel */,
				EE5D9DB51DCA54B700B87D5A /* Dojo+CoreDataClass.swift */,
				EE5D9DB61DCA54B700B87D5A /* Dojo+CoreDataProperties.swift */,
				EE5D9DB71DCA54B700B87D5A /* Technique+CoreDataClass.swift */,
				EE5D9DB81DCA54B700B87D5A /* Technique+CoreDataProperties.swift */,
				EE5D9DB91DCA54B700B87D5A /* StrategyBook+CoreDataClass.swift */,
				EE5D9DBA1DCA54B700B87D5A /* StrategyBook+CoreDataProperties.swift */,
				EE5D9DBB1DCA54B700B87D5A /* Chapter+CoreDataClass.swift */,
				EE5D9DBC1DCA54B700B87D5A /* Chapter+CoreDataProperties.swift */,
				EE5D9DBD1DCA54B700B87D5A /* CoreDataTableViewController.swift */,
			);
			name = "Core Data";
			sourceTree = "<group>";
		};
		EE5D9DE11DCA54EE00B87D5A /* Views */ = {
			isa = PBXGroup;
			children = (
				EE5D9DAD1DCA54B700B87D5A /* StepCollectionViewCell.swift */,
				EE5D9DAE1DCA54B700B87D5A /* LargeTileCollectionViewCell.swift */,
				EE5D9DAF1DCA54B700B87D5A /* SmallTileCollectionViewCell.swift */,
				EE5D9DE31DCA595C00B87D5A /* NewTrainingTechniqueTableViewCell.swift */,
			);
			name = Views;
			sourceTree = "<group>";
		};
		EE5D9DE21DCA54F800B87D5A /* View Controllers */ = {
			isa = PBXGroup;
			children = (
				EE5D9DA61DCA54B700B87D5A /* MyDojoViewController.swift */,
				EE5D9DA71DCA54B700B87D5A /* TechniquesTableViewController.swift */,
				EE5D9DA81DCA54B700B87D5A /* NewDojoViewController.swift */,
				EE5D9DA91DCA54B700B87D5A /* SelectedDojoViewController.swift */,
				EE5D9DAA1DCA54B700B87D5A /* DojoSearchTableViewController.swift */,
				EE5D9DAB1DCA54B700B87D5A /* TechniqueDetailViewController.swift */,
				EE5D9DAC1DCA54B700B87D5A /* NewTrainingViewController.swift */,
			);
			name = "View Controllers";
			sourceTree = "<group>";
		};
/* End PBXGroup section */

/* Begin PBXNativeTarget section */
		EE5D9D851DCA532D00B87D5A /* My Dojo */ = {
			isa = PBXNativeTarget;
			buildConfigurationList = EE5D9D981DCA532D00B87D5A /* Build configuration list for PBXNativeTarget "My Dojo" */;
			buildPhases = (
				EE5D9D821DCA532D00B87D5A /* Sources */,
				EE5D9D831DCA532D00B87D5A /* Frameworks */,
				EE5D9D841DCA532D00B87D5A /* Resources */,
			);
			buildRules = (
			);
			dependencies = (
			);
			name = "My Dojo";
			productName = "My Dojo";
			productReference = EE5D9D861DCA532D00B87D5A /* My Dojo.app */;
			productType = "com.apple.product-type.application";
		};
/* End PBXNativeTarget section */

/* Begin PBXProject section */
		EE5D9D7E1DCA532D00B87D5A /* Project object */ = {
			isa = PBXProject;
			attributes = {
				LastSwiftUpdateCheck = 0810;
				LastUpgradeCheck = 0810;
				ORGANIZATIONNAME = "Andreas Hörberg";
				TargetAttributes = {
					EE5D9D851DCA532D00B87D5A = {
						CreatedOnToolsVersion = 8.1;
						DevelopmentTeam = 8257XXTA6S;
						LastSwiftMigration = 0810;
						ProvisioningStyle = Automatic;
					};
				};
			};
			buildConfigurationList = EE5D9D811DCA532D00B87D5A /* Build configuration list for PBXProject "My Dojo" */;
			compatibilityVersion = "Xcode 3.2";
			developmentRegion = English;
			hasScannedForEncodings = 0;
			knownRegions = (
				en,
				Base,
			);
			mainGroup = EE5D9D7D1DCA532D00B87D5A;
			productRefGroup = EE5D9D871DCA532D00B87D5A /* Products */;
			projectDirPath = "";
			projectRoot = "";
			targets = (
				EE5D9D851DCA532D00B87D5A /* My Dojo */,
			);
		};
/* End PBXProject section */

/* Begin PBXResourcesBuildPhase section */
		EE5D9D841DCA532D00B87D5A /* Resources */ = {
			isa = PBXResourcesBuildPhase;
			buildActionMask = 2147483647;
			files = (
				EE5D9DA51DCA54AB00B87D5A /* Main.storyboard in Resources */,
				EE5D9DA11DCA548500B87D5A /* StrategyBooks.plist in Resources */,
				EE5D9D9F1DCA548500B87D5A /* Assets.xcassets in Resources */,
				EE5D9DA01DCA548500B87D5A /* LaunchScreen.storyboard in Resources */,
			);
			runOnlyForDeploymentPostprocessing = 0;
		};
/* End PBXResourcesBuildPhase section */

/* Begin PBXSourcesBuildPhase section */
		EE5D9D821DCA532D00B87D5A /* Sources */ = {
			isa = PBXSourcesBuildPhase;
			buildActionMask = 2147483647;
			files = (
				EEE5E3921DD3DC2200D433DF /* Statistics+CoreDataClass.swift in Sources */,
				EE5D9DCC1DCA54B700B87D5A /* Menu+CoreDataClass.swift in Sources */,
				EE5D9DE41DCA595C00B87D5A /* NewTrainingTechniqueTableViewCell.swift in Sources */,
				EE5D9DC21DCA54B700B87D5A /* MyDojoViewController.swift in Sources */,
				EE5D9DC61DCA54B700B87D5A /* DojoSearchTableViewController.swift in Sources */,
				EE5D9DE61DCB69B800B87D5A /* DateTextField.swift in Sources */,
				EE5D9DD91DCA54B700B87D5A /* CoreDataTableViewController.swift in Sources */,
				EEF18A051DD4D1E600835B9B /* CountingLabel.swift in Sources */,
				EE5D9DD21DCA54B700B87D5A /* Dojo+CoreDataProperties.swift in Sources */,
				EE5D9D8A1DCA532D00B87D5A /* AppDelegate.swift in Sources */,
				EE5453491DCBBF8700021177 /* Training+CoreDataProperties.swift in Sources */,
				EE5D9DDB1DCA54B700B87D5A /* MenuItemCell.swift in Sources */,
				EE5D9DD61DCA54B700B87D5A /* StrategyBook+CoreDataProperties.swift in Sources */,
				EE5D9DDD1DCA54B700B87D5A /* DatabaseManager.swift in Sources */,
				EE5D9DCF1DCA54B700B87D5A /* MenuItem+CoreDataProperties.swift in Sources */,
				EE5D9DDA1DCA54B700B87D5A /* MenuItemDelegate.swift in Sources */,
				EE5D9DD41DCA54B700B87D5A /* Technique+CoreDataProperties.swift in Sources */,
				EE5D9DDC1DCA54B700B87D5A /* Constants.swift in Sources */,
				EE5D9DC51DCA54B700B87D5A /* SelectedDojoViewController.swift in Sources */,
				EE5D9DD01DCA54B700B87D5A /* Model.xcdatamodel in Sources */,
				EE5D9DD81DCA54B700B87D5A /* Chapter+CoreDataProperties.swift in Sources */,
				EE5D9DCB1DCA54B700B87D5A /* SmallTileCollectionViewCell.swift in Sources */,
				EE5D9DCA1DCA54B700B87D5A /* LargeTileCollectionViewCell.swift in Sources */,
				EE5D9DD71DCA54B700B87D5A /* Chapter+CoreDataClass.swift in Sources */,
				EE5D9DC31DCA54B700B87D5A /* TechniquesTableViewController.swift in Sources */,
				EE5D637F1DD38DCC001E0E63 /* ListensForNotifications.swift in Sources */,
				EE5D9DC41DCA54B700B87D5A /* NewDojoViewController.swift in Sources */,
				EE5453481DCBBF8700021177 /* Training+CoreDataClass.swift in Sources */,
				EE5D9DC71DCA54B700B87D5A /* TechniqueDetailViewController.swift in Sources */,
				EE5D9DD11DCA54B700B87D5A /* Dojo+CoreDataClass.swift in Sources */,
				EE5D9DCD1DCA54B700B87D5A /* Menu+CoreDataProperties.swift in Sources */,
				EE5D9DC91DCA54B700B87D5A /* StepCollectionViewCell.swift in Sources */,
				EE5D9DC81DCA54B700B87D5A /* NewTrainingViewController.swift in Sources */,
				EE0A2CBF1DD2118100F3EFEE /* StatisticsManager.swift in Sources */,
				EE5D9DCE1DCA54B700B87D5A /* MenuItem+CoreDataClass.swift in Sources */,
				EE5D9DD51DCA54B700B87D5A /* StrategyBook+CoreDataClass.swift in Sources */,
				EEE5E3931DD3DC2200D433DF /* Statistics+CoreDataProperties.swift in Sources */,
				EE5D9DD31DCA54B700B87D5A /* Technique+CoreDataClass.swift in Sources */,
			);
			runOnlyForDeploymentPostprocessing = 0;
		};
/* End PBXSourcesBuildPhase section */

/* Begin XCBuildConfiguration section */
		EE5D9D961DCA532D00B87D5A /* Debug */ = {
			isa = XCBuildConfiguration;
			buildSettings = {
				ALWAYS_SEARCH_USER_PATHS = NO;
				CLANG_ANALYZER_NONNULL = YES;
				CLANG_CXX_LANGUAGE_STANDARD = "gnu++0x";
				CLANG_CXX_LIBRARY = "libc++";
				CLANG_ENABLE_MODULES = YES;
				CLANG_ENABLE_OBJC_ARC = YES;
				CLANG_WARN_BOOL_CONVERSION = YES;
				CLANG_WARN_CONSTANT_CONVERSION = YES;
				CLANG_WARN_DIRECT_OBJC_ISA_USAGE = YES_ERROR;
				CLANG_WARN_DOCUMENTATION_COMMENTS = YES;
				CLANG_WARN_EMPTY_BODY = YES;
				CLANG_WARN_ENUM_CONVERSION = YES;
				CLANG_WARN_INFINITE_RECURSION = YES;
				CLANG_WARN_INT_CONVERSION = YES;
				CLANG_WARN_OBJC_ROOT_CLASS = YES_ERROR;
				CLANG_WARN_SUSPICIOUS_MOVES = YES;
				CLANG_WARN_UNREACHABLE_CODE = YES;
				CLANG_WARN__DUPLICATE_METHOD_MATCH = YES;
				"CODE_SIGN_IDENTITY[sdk=iphoneos*]" = "iPhone Developer";
				COPY_PHASE_STRIP = NO;
				DEBUG_INFORMATION_FORMAT = dwarf;
				ENABLE_STRICT_OBJC_MSGSEND = YES;
				ENABLE_TESTABILITY = YES;
				GCC_C_LANGUAGE_STANDARD = gnu99;
				GCC_DYNAMIC_NO_PIC = NO;
				GCC_NO_COMMON_BLOCKS = YES;
				GCC_OPTIMIZATION_LEVEL = 0;
				GCC_PREPROCESSOR_DEFINITIONS = (
					"DEBUG=1",
					"$(inherited)",
				);
				GCC_WARN_64_TO_32_BIT_CONVERSION = YES;
				GCC_WARN_ABOUT_RETURN_TYPE = YES_ERROR;
				GCC_WARN_UNDECLARED_SELECTOR = YES;
				GCC_WARN_UNINITIALIZED_AUTOS = YES_AGGRESSIVE;
				GCC_WARN_UNUSED_FUNCTION = YES;
				GCC_WARN_UNUSED_VARIABLE = YES;
				IPHONEOS_DEPLOYMENT_TARGET = 10.1;
				MTL_ENABLE_DEBUG_INFO = YES;
				ONLY_ACTIVE_ARCH = YES;
				SDKROOT = iphoneos;
				SWIFT_ACTIVE_COMPILATION_CONDITIONS = DEBUG;
				SWIFT_OPTIMIZATION_LEVEL = "-Onone";
				TARGETED_DEVICE_FAMILY = "1,2";
			};
			name = Debug;
		};
		EE5D9D971DCA532D00B87D5A /* Release */ = {
			isa = XCBuildConfiguration;
			buildSettings = {
				ALWAYS_SEARCH_USER_PATHS = NO;
				CLANG_ANALYZER_NONNULL = YES;
				CLANG_CXX_LANGUAGE_STANDARD = "gnu++0x";
				CLANG_CXX_LIBRARY = "libc++";
				CLANG_ENABLE_MODULES = YES;
				CLANG_ENABLE_OBJC_ARC = YES;
				CLANG_WARN_BOOL_CONVERSION = YES;
				CLANG_WARN_CONSTANT_CONVERSION = YES;
				CLANG_WARN_DIRECT_OBJC_ISA_USAGE = YES_ERROR;
				CLANG_WARN_DOCUMENTATION_COMMENTS = YES;
				CLANG_WARN_EMPTY_BODY = YES;
				CLANG_WARN_ENUM_CONVERSION = YES;
				CLANG_WARN_INFINITE_RECURSION = YES;
				CLANG_WARN_INT_CONVERSION = YES;
				CLANG_WARN_OBJC_ROOT_CLASS = YES_ERROR;
				CLANG_WARN_SUSPICIOUS_MOVES = YES;
				CLANG_WARN_UNREACHABLE_CODE = YES;
				CLANG_WARN__DUPLICATE_METHOD_MATCH = YES;
				"CODE_SIGN_IDENTITY[sdk=iphoneos*]" = "iPhone Developer";
				COPY_PHASE_STRIP = NO;
				DEBUG_INFORMATION_FORMAT = "dwarf-with-dsym";
				ENABLE_NS_ASSERTIONS = NO;
				ENABLE_STRICT_OBJC_MSGSEND = YES;
				GCC_C_LANGUAGE_STANDARD = gnu99;
				GCC_NO_COMMON_BLOCKS = YES;
				GCC_WARN_64_TO_32_BIT_CONVERSION = YES;
				GCC_WARN_ABOUT_RETURN_TYPE = YES_ERROR;
				GCC_WARN_UNDECLARED_SELECTOR = YES;
				GCC_WARN_UNINITIALIZED_AUTOS = YES_AGGRESSIVE;
				GCC_WARN_UNUSED_FUNCTION = YES;
				GCC_WARN_UNUSED_VARIABLE = YES;
				IPHONEOS_DEPLOYMENT_TARGET = 10.1;
				MTL_ENABLE_DEBUG_INFO = NO;
				SDKROOT = iphoneos;
				SWIFT_OPTIMIZATION_LEVEL = "-Owholemodule";
				TARGETED_DEVICE_FAMILY = "1,2";
				VALIDATE_PRODUCT = YES;
			};
			name = Release;
		};
		EE5D9D991DCA532D00B87D5A /* Debug */ = {
			isa = XCBuildConfiguration;
			buildSettings = {
				ASSETCATALOG_COMPILER_APPICON_NAME = AppIcon;
				DEVELOPMENT_TEAM = 8257XXTA6S;
				INFOPLIST_FILE = "My Dojo/Info.plist";
				LD_RUNPATH_SEARCH_PATHS = "$(inherited) @executable_path/Frameworks";
				PRODUCT_BUNDLE_IDENTIFIER = "se.andreashorberg.My-Dojo";
				PRODUCT_NAME = "$(TARGET_NAME)";
				SWIFT_VERSION = 3.0;
			};
			name = Debug;
		};
		EE5D9D9A1DCA532D00B87D5A /* Release */ = {
			isa = XCBuildConfiguration;
			buildSettings = {
				ASSETCATALOG_COMPILER_APPICON_NAME = AppIcon;
				DEVELOPMENT_TEAM = 8257XXTA6S;
				INFOPLIST_FILE = "My Dojo/Info.plist";
				LD_RUNPATH_SEARCH_PATHS = "$(inherited) @executable_path/Frameworks";
				PRODUCT_BUNDLE_IDENTIFIER = "se.andreashorberg.My-Dojo";
				PRODUCT_NAME = "$(TARGET_NAME)";
				SWIFT_VERSION = 3.0;
			};
			name = Release;
		};
/* End XCBuildConfiguration section */

/* Begin XCConfigurationList section */
		EE5D9D811DCA532D00B87D5A /* Build configuration list for PBXProject "My Dojo" */ = {
			isa = XCConfigurationList;
			buildConfigurations = (
				EE5D9D961DCA532D00B87D5A /* Debug */,
				EE5D9D971DCA532D00B87D5A /* Release */,
			);
			defaultConfigurationIsVisible = 0;
			defaultConfigurationName = Release;
		};
		EE5D9D981DCA532D00B87D5A /* Build configuration list for PBXNativeTarget "My Dojo" */ = {
			isa = XCConfigurationList;
			buildConfigurations = (
				EE5D9D991DCA532D00B87D5A /* Debug */,
				EE5D9D9A1DCA532D00B87D5A /* Release */,
			);
			defaultConfigurationIsVisible = 0;
			defaultConfigurationName = Release;
		};
/* End XCConfigurationList section */
	};
	rootObject = EE5D9D7E1DCA532D00B87D5A /* Project object */;
}
